
Microsoft Visual Studio Solution File, Format Version 12.00
# Visual Studio Version 16
VisualStudioVersion = 16.0.29230.61
MinimumVisualStudioVersion = 10.0.40219.1
Project("{9A19103F-16F7-4668-BE54-9A1E7A4F7556}") = "TestBlazor", "TestBlazor\TestBlazor.csproj", "{C159E8BC-BE93-420C-A928-4417C8DF85B3}"
EndProject
Project("{6EC3EE1D-3C4E-46DD-8F32-0CC8E7565705}") = "Blazor.Formlets", "Blazor.Formlets\Blazor.Formlets.fsproj", "{028A18B1-3592-4E6D-891D-73D52E660F43}"
EndProject
Global
	GlobalSection(SolutionConfigurationPlatforms) = preSolution
		Debug|Any CPU = Debug|Any CPU
		Release|Any CPU = Release|Any CPU
	EndGlobalSection
	GlobalSection(ProjectConfigurationPlatforms) = postSolution
		{C159E8BC-BE93-420C-A928-4417C8DF85B3}.Debug|Any CPU.ActiveCfg = Debug|Any CPU
		{C159E8BC-BE93-420C-A928-4417C8DF85B3}.Debug|Any CPU.Build.0 = Debug|Any CPU
		{C159E8BC-BE93-420C-A928-4417C8DF85B3}.Release|Any CPU.ActiveCfg = Release|Any CPU
		{C159E8BC-BE93-420C-A928-4417C8DF85B3}.Release|Any CPU.Build.0 = Release|Any CPU
		{028A18B1-3592-4E6D-891D-73D52E660F43}.Debug|Any CPU.ActiveCfg = Debug|Any CPU
		{028A18B1-3592-4E6D-891D-73D52E660F43}.Debug|Any CPU.Build.0 = Debug|Any CPU
		{028A18B1-3592-4E6D-891D-73D52E660F43}.Release|Any CPU.ActiveCfg = Release|Any CPU
		{028A18B1-3592-4E6D-891D-73D52E660F43}.Release|Any CPU.Build.0 = Release|Any CPU
	EndGlobalSection
	GlobalSection(SolutionProperties) = preSolution
		HideSolutionNode = FALSE
	EndGlobalSection
	GlobalSection(ExtensibilityGlobals) = postSolution
		SolutionGuid = {25A0E49F-D8C6-4142-B77E-EFF6EE27BFE1}
	EndGlobalSection
EndGlobal
